
Microsoft Visual Studio Solution File, Format Version 12.00
# Visual Studio Version 17
VisualStudioVersion = 17.3.32922.545
MinimumVisualStudioVersion = 10.0.40219.1
Project("{9A19103F-16F7-4668-BE54-9A1E7A4F7556}") = "ContentDistribution", "ContentDistribution\ContentDistribution.csproj", "{C1D76174-59A1-476B-9031-BEC9DE649059}"
EndProject
Project("{2150E333-8FDC-42A3-9474-1A3956D46DE8}") = "Order Module", "Order Module", "{4A87A5E3-7044-40DD-BFC2-F92B019EFA4C}"
EndProject
Project("{9A19103F-16F7-4668-BE54-9A1E7A4F7556}") = "CreativePlatform.Order", "CreativePlatform.Order\CreativePlatform.Order.csproj", "{6609C947-1554-4F59-B76F-4722E1CA57EE}"
EndProject
Project("{9A19103F-16F7-4668-BE54-9A1E7A4F7556}") = "CreativePlatform.Order.Contracts", "CreativePlatform.Order.Contracts\CreativePlatform.Order.Contracts.csproj", "{854E3B5E-E974-4CE2-AB3F-AB18E184D78F}"
EndProject
Project("{2150E333-8FDC-42A3-9474-1A3956D46DE8}") = "Asset Module", "Asset Module", "{D4DC18E4-071B-43C8-B584-09C4EB479981}"
EndProject
Project("{9A19103F-16F7-4668-BE54-9A1E7A4F7556}") = "CreativePlatform.Asset", "CreativePlatform.Asset\CreativePlatform.Asset.csproj", "{1371403B-252B-4C36-A0FA-1D74A1C132BB}"
EndProject
Project("{2150E333-8FDC-42A3-9474-1A3956D46DE8}") = "Content Module", "Content Module", "{B45A5D58-7A53-4871-BFC5-B676965A5538}"
EndProject
Project("{9A19103F-16F7-4668-BE54-9A1E7A4F7556}") = "CreativePlatform.Content", "CreativePlatform.Content\CreativePlatform.Content.csproj", "{60B66BBD-3AE2-4106-9E4F-1A6BFB6559B3}"
EndProject
Project("{2150E333-8FDC-42A3-9474-1A3956D46DE8}") = "Metadata", "Metadata", "{44B1AA29-44CA-4B38-B8C0-04716640B3E7}"
	ProjectSection(SolutionItems) = preProject
		Core\Metadata\AssetMetadata.json = Core\Metadata\AssetMetadata.json
		Core\Metadata\BriefingMetadata.json = Core\Metadata\BriefingMetadata.json
		Core\Metadata\ContentDistributionMetadata.json = Core\Metadata\ContentDistributionMetadata.json
		Core\Metadata\OrderListMetadata.json = Core\Metadata\OrderListMetadata.json
	EndProjectSection
EndProject
Project("{2150E333-8FDC-42A3-9474-1A3956D46DE8}") = "Solution Items", "Solution Items", "{80619895-A14A-47A9-B073-B95B8474A448}"
	ProjectSection(SolutionItems) = preProject
		.editorconfig = .editorconfig
	EndProjectSection
EndProject
Project("{9A19103F-16F7-4668-BE54-9A1E7A4F7556}") = "CreativePlatform.Asset.Contracts", "CreativePlatform.Asset.Contracts\CreativePlatform.Asset.Contracts.csproj", "{101DA0F4-A268-4B1E-809D-3E77DD3B4802}"
EndProject
Project("{2150E333-8FDC-42A3-9474-1A3956D46DE8}") = "Campaign Module", "Campaign Module", "{041B5A0D-C00C-486B-BC58-2C03A6134BCA}"
EndProject
Project("{9A19103F-16F7-4668-BE54-9A1E7A4F7556}") = "CreativePlatform.Campaign", "CreativePlatform.Campaign\CreativePlatform.Campaign.csproj", "{06E59BE0-C26B-4AA6-BA93-90FEE192225F}"
EndProject
Project("{9A19103F-16F7-4668-BE54-9A1E7A4F7556}") = "CreativePlatform.Campaign.Contracts", "CreativePlatform.Campaign.Contracts\CreativePlatform.Campaign.Contracts.csproj", "{9C242EB9-520C-473D-9366-AD5F50AFECFC}"
EndProject
Global
	GlobalSection(SolutionConfigurationPlatforms) = preSolution
		Debug|Any CPU = Debug|Any CPU
		Release|Any CPU = Release|Any CPU
	EndGlobalSection
	GlobalSection(ProjectConfigurationPlatforms) = postSolution
		{C1D76174-59A1-476B-9031-BEC9DE649059}.Debug|Any CPU.ActiveCfg = Debug|Any CPU
		{C1D76174-59A1-476B-9031-BEC9DE649059}.Debug|Any CPU.Build.0 = Debug|Any CPU
		{C1D76174-59A1-476B-9031-BEC9DE649059}.Release|Any CPU.ActiveCfg = Release|Any CPU
		{C1D76174-59A1-476B-9031-BEC9DE649059}.Release|Any CPU.Build.0 = Release|Any CPU
		{6609C947-1554-4F59-B76F-4722E1CA57EE}.Debug|Any CPU.ActiveCfg = Debug|Any CPU
		{6609C947-1554-4F59-B76F-4722E1CA57EE}.Debug|Any CPU.Build.0 = Debug|Any CPU
		{6609C947-1554-4F59-B76F-4722E1CA57EE}.Release|Any CPU.ActiveCfg = Release|Any CPU
		{6609C947-1554-4F59-B76F-4722E1CA57EE}.Release|Any CPU.Build.0 = Release|Any CPU
		{854E3B5E-E974-4CE2-AB3F-AB18E184D78F}.Debug|Any CPU.ActiveCfg = Debug|Any CPU
		{854E3B5E-E974-4CE2-AB3F-AB18E184D78F}.Debug|Any CPU.Build.0 = Debug|Any CPU
		{854E3B5E-E974-4CE2-AB3F-AB18E184D78F}.Release|Any CPU.ActiveCfg = Release|Any CPU
		{854E3B5E-E974-4CE2-AB3F-AB18E184D78F}.Release|Any CPU.Build.0 = Release|Any CPU
		{1371403B-252B-4C36-A0FA-1D74A1C132BB}.Debug|Any CPU.ActiveCfg = Debug|Any CPU
		{1371403B-252B-4C36-A0FA-1D74A1C132BB}.Debug|Any CPU.Build.0 = Debug|Any CPU
		{1371403B-252B-4C36-A0FA-1D74A1C132BB}.Release|Any CPU.ActiveCfg = Release|Any CPU
		{1371403B-252B-4C36-A0FA-1D74A1C132BB}.Release|Any CPU.Build.0 = Release|Any CPU
		{60B66BBD-3AE2-4106-9E4F-1A6BFB6559B3}.Debug|Any CPU.ActiveCfg = Debug|Any CPU
		{60B66BBD-3AE2-4106-9E4F-1A6BFB6559B3}.Debug|Any CPU.Build.0 = Debug|Any CPU
		{60B66BBD-3AE2-4106-9E4F-1A6BFB6559B3}.Release|Any CPU.ActiveCfg = Release|Any CPU
		{60B66BBD-3AE2-4106-9E4F-1A6BFB6559B3}.Release|Any CPU.Build.0 = Release|Any CPU
		{101DA0F4-A268-4B1E-809D-3E77DD3B4802}.Debug|Any CPU.ActiveCfg = Debug|Any CPU
		{101DA0F4-A268-4B1E-809D-3E77DD3B4802}.Debug|Any CPU.Build.0 = Debug|Any CPU
		{101DA0F4-A268-4B1E-809D-3E77DD3B4802}.Release|Any CPU.ActiveCfg = Release|Any CPU
		{101DA0F4-A268-4B1E-809D-3E77DD3B4802}.Release|Any CPU.Build.0 = Release|Any CPU
		{06E59BE0-C26B-4AA6-BA93-90FEE192225F}.Debug|Any CPU.ActiveCfg = Debug|Any CPU
		{06E59BE0-C26B-4AA6-BA93-90FEE192225F}.Debug|Any CPU.Build.0 = Debug|Any CPU
		{06E59BE0-C26B-4AA6-BA93-90FEE192225F}.Release|Any CPU.ActiveCfg = Release|Any CPU
		{06E59BE0-C26B-4AA6-BA93-90FEE192225F}.Release|Any CPU.Build.0 = Release|Any CPU
		{9C242EB9-520C-473D-9366-AD5F50AFECFC}.Debug|Any CPU.ActiveCfg = Debug|Any CPU
		{9C242EB9-520C-473D-9366-AD5F50AFECFC}.Debug|Any CPU.Build.0 = Debug|Any CPU
		{9C242EB9-520C-473D-9366-AD5F50AFECFC}.Release|Any CPU.ActiveCfg = Release|Any CPU
		{9C242EB9-520C-473D-9366-AD5F50AFECFC}.Release|Any CPU.Build.0 = Release|Any CPU
	EndGlobalSection
	GlobalSection(SolutionProperties) = preSolution
		HideSolutionNode = FALSE
	EndGlobalSection
	GlobalSection(NestedProjects) = preSolution
		{6609C947-1554-4F59-B76F-4722E1CA57EE} = {4A87A5E3-7044-40DD-BFC2-F92B019EFA4C}
		{854E3B5E-E974-4CE2-AB3F-AB18E184D78F} = {4A87A5E3-7044-40DD-BFC2-F92B019EFA4C}
		{1371403B-252B-4C36-A0FA-1D74A1C132BB} = {D4DC18E4-071B-43C8-B584-09C4EB479981}
		{60B66BBD-3AE2-4106-9E4F-1A6BFB6559B3} = {B45A5D58-7A53-4871-BFC5-B676965A5538}
		{101DA0F4-A268-4B1E-809D-3E77DD3B4802} = {D4DC18E4-071B-43C8-B584-09C4EB479981}
		{06E59BE0-C26B-4AA6-BA93-90FEE192225F} = {041B5A0D-C00C-486B-BC58-2C03A6134BCA}
		{9C242EB9-520C-473D-9366-AD5F50AFECFC} = {041B5A0D-C00C-486B-BC58-2C03A6134BCA}
	EndGlobalSection
	GlobalSection(ExtensibilityGlobals) = postSolution
		SolutionGuid = {6F4F82F2-3C20-4954-B0F4-0DF4AD2614F8}
	EndGlobalSection
EndGlobal
